{
  "version": "5",
  "redirects": {
    "https://esm.sh/@supabase/supabase-js@2": "https://esm.sh/@supabase/supabase-js@2.98.0"
  },
  "remote": {
    "https://deno.land/std@0.168.0/async/abortable.ts": "80b2ac399f142cc528f95a037a7d0e653296352d95c681e284533765961de409",
    "https://deno.land/std@0.168.0/async/deadline.ts": "2c2deb53c7c28ca1dda7a3ad81e70508b1ebc25db52559de6b8636c9278fd41f",
    "https://deno.land/std@0.168.0/async/debounce.ts": "60301ffb37e730cd2d6f9dadfd0ecb2a38857681bd7aaf6b0a106b06e5210a98",
    "https://deno.land/std@0.168.0/async/deferred.ts": "77d3f84255c3627f1cc88699d8472b664d7635990d5358c4351623e098e917d6",
    "https://deno.land/std@0.168.0/async/delay.ts": "5a9bfba8de38840308a7a33786a0155a7f6c1f7a859558ddcec5fe06e16daf57",
    "https://deno.land/std@0.168.0/async/mod.ts": "7809ad4bb223e40f5fdc043e5c7ca04e0e25eed35c32c3c32e28697c553fa6d9",
    "https://deno.land/std@0.168.0/async/mux_async_iterator.ts": "770a0ff26c59f8bbbda6b703a2235f04e379f73238e8d66a087edc68c2a2c35f",
    "https://deno.land/std@0.168.0/async/pool.ts": "6854d8cd675a74c73391c82005cbbe4cc58183bddcd1fbbd7c2bcda42b61cf69",
    "https://deno.land/std@0.168.0/async/retry.ts": "e8e5173623915bbc0ddc537698fa418cf875456c347eda1ed453528645b42e67",
    "https://deno.land/std@0.168.0/async/tee.ts": "3a47cc4e9a940904fd4341f0224907e199121c80b831faa5ec2b054c6d2eff5e",
    "https://deno.land/std@0.168.0/http/server.ts": "e99c1bee8a3f6571ee4cdeb2966efad465b8f6fe62bec1bdb59c1f007cc4d155",
    "https://esm.sh/@supabase/supabase-js@2.98.0": "7c91584aa8d7c3b272be04122a907e00a7028a20d0eaf5e40b2eb1eed10f06b3"
  },
  "workspace": {
    "packageJson": {
      "dependencies": [
        "npm:@clerk/clerk-react@^5.58.1",
        "npm:@eslint/js@^9.39.2",
        "npm:@faker-js/faker@^10.1.0",
        "npm:@hookform/resolvers@^5.2.2",
        "npm:@radix-ui/react-alert-dialog@^1.1.15",
        "npm:@radix-ui/react-avatar@^1.1.11",
        "npm:@radix-ui/react-checkbox@^1.3.3",
        "npm:@radix-ui/react-collapsible@^1.1.12",
        "npm:@radix-ui/react-dialog@^1.1.15",
        "npm:@radix-ui/react-direction@^1.1.1",
        "npm:@radix-ui/react-dropdown-menu@^2.1.16",
        "npm:@radix-ui/react-icons@^1.3.2",
        "npm:@radix-ui/react-label@^2.1.8",
        "npm:@radix-ui/react-popover@^1.1.15",
        "npm:@radix-ui/react-radio-group@^1.3.8",
        "npm:@radix-ui/react-scroll-area@^1.2.10",
        "npm:@radix-ui/react-select@^2.2.6",
        "npm:@radix-ui/react-separator@^1.1.8",
        "npm:@radix-ui/react-slot@^1.2.4",
        "npm:@radix-ui/react-switch@^1.2.6",
        "npm:@radix-ui/react-tabs@^1.1.13",
        "npm:@radix-ui/react-tooltip@^1.2.8",
        "npm:@supabase/supabase-js@^2.97.0",
        "npm:@tailwindcss/vite@^4.1.18",
        "npm:@tanstack/eslint-plugin-query@^5.91.2",
        "npm:@tanstack/react-query-devtools@^5.91.1",
        "npm:@tanstack/react-query@^5.90.12",
        "npm:@tanstack/react-router-devtools@^1.141.2",
        "npm:@tanstack/react-router@^1.141.2",
        "npm:@tanstack/react-table@^8.21.3",
        "npm:@tanstack/router-plugin@^1.141.2",
        "npm:@trivago/prettier-plugin-sort-imports@6",
        "npm:@types/node@^25.0.2",
        "npm:@types/react-dom@^19.2.3",
        "npm:@types/react@^19.2.7",
        "npm:@vitejs/plugin-react-swc@^4.2.2",
        "npm:axios@^1.13.2",
        "npm:class-variance-authority@~0.7.1",
        "npm:clsx@^2.1.1",
        "npm:cmdk@1.1.1",
        "npm:date-fns@^4.1.0",
        "npm:eslint-plugin-react-hooks@^7.0.1",
        "npm:eslint-plugin-react-refresh@~0.4.25",
        "npm:eslint@^9.39.2",
        "npm:globals@^16.5.0",
        "npm:input-otp@^1.4.2",
        "npm:knip@^5.73.4",
        "npm:lucide-react@0.561",
        "npm:prettier-plugin-tailwindcss@~0.7.2",
        "npm:prettier@^3.7.4",
        "npm:react-day-picker@9.12.0",
        "npm:react-dom@^19.2.3",
        "npm:react-hook-form@^7.68.0",
        "npm:react-top-loading-bar@^3.0.2",
        "npm:react@^19.2.3",
        "npm:recharts@^3.6.0",
        "npm:sonner@^2.0.7",
        "npm:tailwind-merge@^3.4.0",
        "npm:tailwindcss@^4.1.18",
        "npm:tw-animate-css@^1.4.0",
        "npm:typescript-eslint@^8.49.0",
        "npm:typescript@~5.9.3",
        "npm:vite@^7.3.0",
        "npm:xlsx@~0.18.5",
        "npm:zod@^4.2.0",
        "npm:zustand@^5.0.9"
      ]
    }
  }
}
